// !$*UTF8*$!
{
	archiveVersion = 1;
	classes = {
	};
	objectVersion = 50;
	objects = {

/* Begin PBXBuildFile section */
		75E4BD8021EEAD6A007C9E37 /* AppDelegate.swift in Sources */ = {isa = PBXBuildFile; fileRef = 75E4BD7F21EEAD6A007C9E37 /* AppDelegate.swift */; };
		75E4BD8221EEAD6A007C9E37 /* ViewController.swift in Sources */ = {isa = PBXBuildFile; fileRef = 75E4BD8121EEAD6A007C9E37 /* ViewController.swift */; };
		75E4BD8521EEAD6A007C9E37 /* Main.storyboard in Resources */ = {isa = PBXBuildFile; fileRef = 75E4BD8321EEAD6A007C9E37 /* Main.storyboard */; };
		75E4BD8721EEAD6E007C9E37 /* Assets.xcassets in Resources */ = {isa = PBXBuildFile; fileRef = 75E4BD8621EEAD6E007C9E37 /* Assets.xcassets */; };
		75E4BD8A21EEAD6E007C9E37 /* LaunchScreen.storyboard in Resources */ = {isa = PBXBuildFile; fileRef = 75E4BD8821EEAD6E007C9E37 /* LaunchScreen.storyboard */; };
		75E4BD9521EEAD6E007C9E37 /* hello_worldTests.swift in Sources */ = {isa = PBXBuildFile; fileRef = 75E4BD9421EEAD6E007C9E37 /* hello_worldTests.swift */; };
		75E4BDA021EEAD6E007C9E37 /* hello_worldUITests.swift in Sources */ = {isa = PBXBuildFile; fileRef = 75E4BD9F21EEAD6E007C9E37 /* hello_worldUITests.swift */; };
/* End PBXBuildFile section */

/* Begin PBXContainerItemProxy section */
		75E4BD9121EEAD6E007C9E37 /* PBXContainerItemProxy */ = {
			isa = PBXContainerItemProxy;
			containerPortal = 75E4BD7421EEAD6A007C9E37 /* Project object */;
			proxyType = 1;
			remoteGlobalIDString = 75E4BD7B21EEAD6A007C9E37;
			remoteInfo = "hello world";
		};
		75E4BD9C21EEAD6E007C9E37 /* PBXContainerItemProxy */ = {
			isa = PBXContainerItemProxy;
			containerPortal = 75E4BD7421EEAD6A007C9E37 /* Project object */;
			proxyType = 1;
			remoteGlobalIDString = 75E4BD7B21EEAD6A007C9E37;
			remoteInfo = "hello world";
		};
/* End PBXContainerItemProxy section */

/* Begin PBXFileReference section */
		75E4BD7C21EEAD6A007C9E37 /* hello world.app */ = {isa = PBXFileReference; explicitFileType = wrapper.application; includeInIndex = 0; path = "hello world.app"; sourceTree = BUILT_PRODUCTS_DIR; };
		75E4BD7F21EEAD6A007C9E37 /* AppDelegate.swift */ = {isa = PBXFileReference; lastKnownFileType = sourcecode.swift; path = AppDelegate.swift; sourceTree = "<group>"; };
		75E4BD8121EEAD6A007C9E37 /* ViewController.swift */ = {isa = PBXFileReference; lastKnownFileType = sourcecode.swift; path = ViewController.swift; sourceTree = "<group>"; };
		75E4BD8421EEAD6A007C9E37 /* Base */ = {isa = PBXFileReference; lastKnownFileType = file.storyboard; name = Base; path = Base.lproj/Main.storyboard; sourceTree = "<group>"; };
		75E4BD8621EEAD6E007C9E37 /* Assets.xcassets */ = {isa = PBXFileReference; lastKnownFileType = folder.assetcatalog; path = Assets.xcassets; sourceTree = "<group>"; };
		75E4BD8921EEAD6E007C9E37 /* Base */ = {isa = PBXFileReference; lastKnownFileType = file.storyboard; name = Base; path = Base.lproj/LaunchScreen.storyboard; sourceTree = "<group>"; };
		75E4BD8B21EEAD6E007C9E37 /* Info.plist */ = {isa = PBXFileReference; lastKnownFileType = text.plist.xml; path = Info.plist; sourceTree = "<group>"; };
		75E4BD9021EEAD6E007C9E37 /* hello worldTests.xctest */ = {isa = PBXFileReference; explicitFileType = wrapper.cfbundle; includeInIndex = 0; path = "hello worldTests.xctest"; sourceTree = BUILT_PRODUCTS_DIR; };
		75E4BD9421EEAD6E007C9E37 /* hello_worldTests.swift */ = {isa = PBXFileReference; lastKnownFileType = sourcecode.swift; path = hello_worldTests.swift; sourceTree = "<group>"; };
		75E4BD9621EEAD6E007C9E37 /* Info.plist */ = {isa = PBXFileReference; lastKnownFileType = text.plist.xml; path = Info.plist; sourceTree = "<group>"; };
		75E4BD9B21EEAD6E007C9E37 /* hello worldUITests.xctest */ = {isa = PBXFileReference; explicitFileType = wrapper.cfbundle; includeInIndex = 0; path = "hello worldUITests.xctest"; sourceTree = BUILT_PRODUCTS_DIR; };
		75E4BD9F21EEAD6E007C9E37 /* hello_worldUITests.swift */ = {isa = PBXFileReference; lastKnownFileType = sourcecode.swift; path = hello_worldUITests.swift; sourceTree = "<group>"; };
		75E4BDA121EEAD6E007C9E37 /* Info.plist */ = {isa = PBXFileReference; lastKnownFileType = text.plist.xml; path = Info.plist; sourceTree = "<group>"; };
/* End PBXFileReference section */

/* Begin PBXFrameworksBuildPhase section */
		75E4BD7921EEAD6A007C9E37 /* Frameworks */ = {
			isa = PBXFrameworksBuildPhase;
			buildActionMask = 2147483647;
			files = (
			);
			runOnlyForDeploymentPostprocessing = 0;
		};
		75E4BD8D21EEAD6E007C9E37 /* Frameworks */ = {
			isa = PBXFrameworksBuildPhase;
			buildActionMask = 2147483647;
			files = (
			);
			runOnlyForDeploymentPostprocessing = 0;
		};
		75E4BD9821EEAD6E007C9E37 /* Frameworks */ = {
			isa = PBXFrameworksBuildPhase;
			buildActionMask = 2147483647;
			files = (
			);
			runOnlyForDeploymentPostprocessing = 0;
		};
/* End PBXFrameworksBuildPhase section */

/* Begin PBXGroup section */
		75E4BD7321EEAD6A007C9E37 = {
			isa = PBXGroup;
			children = (
				75E4BD7E21EEAD6A007C9E37 /* hello world */,
				75E4BD9321EEAD6E007C9E37 /* hello worldTests */,
				75E4BD9E21EEAD6E007C9E37 /* hello worldUITests */,
				75E4BD7D21EEAD6A007C9E37 /* Products */,
			);
			sourceTree = "<group>";
		};
		75E4BD7D21EEAD6A007C9E37 /* Products */ = {
			isa = PBXGroup;
			children = (
				75E4BD7C21EEAD6A007C9E37 /* hello world.app */,
				75E4BD9021EEAD6E007C9E37 /* hello worldTests.xctest */,
				75E4BD9B21EEAD6E007C9E37 /* hello worldUITests.xctest */,
			);
			name = Products;
			sourceTree = "<group>";
		};
		75E4BD7E21EEAD6A007C9E37 /* hello world */ = {
			isa = PBXGroup;
			children = (
				75E4BD7F21EEAD6A007C9E37 /* AppDelegate.swift */,
				75E4BD8121EEAD6A007C9E37 /* ViewController.swift */,
				75E4BD8321EEAD6A007C9E37 /* Main.storyboard */,
				75E4BD8621EEAD6E007C9E37 /* Assets.xcassets */,
				75E4BD8821EEAD6E007C9E37 /* LaunchScreen.storyboard */,
				75E4BD8B21EEAD6E007C9E37 /* Info.plist */,
			);
			path = "hello world";
			sourceTree = "<group>";
		};
		75E4BD9321EEAD6E007C9E37 /* hello worldTests */ = {
			isa = PBXGroup;
			children = (
				75E4BD9421EEAD6E007C9E37 /* hello_worldTests.swift */,
				75E4BD9621EEAD6E007C9E37 /* Info.plist */,
			);
			path = "hello worldTests";
			sourceTree = "<group>";
		};
		75E4BD9E21EEAD6E007C9E37 /* hello worldUITests */ = {
			isa = PBXGroup;
			children = (
				75E4BD9F21EEAD6E007C9E37 /* hello_worldUITests.swift */,
				75E4BDA121EEAD6E007C9E37 /* Info.plist */,
			);
			path = "hello worldUITests";
			sourceTree = "<group>";
		};
/* End PBXGroup section */

/* Begin PBXNativeTarget section */
		75E4BD7B21EEAD6A007C9E37 /* hello world */ = {
			isa = PBXNativeTarget;
			buildConfigurationList = 75E4BDA421EEAD6E007C9E37 /* Build configuration list for PBXNativeTarget "hello world" */;
			buildPhases = (
				75E4BD7821EEAD6A007C9E37 /* Sources */,
				75E4BD7921EEAD6A007C9E37 /* Frameworks */,
				75E4BD7A21EEAD6A007C9E37 /* Resources */,
			);
			buildRules = (
			);
			dependencies = (
			);
			name = "hello world";
			productName = "hello world";
			productReference = 75E4BD7C21EEAD6A007C9E37 /* hello world.app */;
			productType = "com.apple.product-type.application";
		};
		75E4BD8F21EEAD6E007C9E37 /* hello worldTests */ = {
			isa = PBXNativeTarget;
			buildConfigurationList = 75E4BDA721EEAD6E007C9E37 /* Build configuration list for PBXNativeTarget "hello worldTests" */;
			buildPhases = (
				75E4BD8C21EEAD6E007C9E37 /* Sources */,
				75E4BD8D21EEAD6E007C9E37 /* Frameworks */,
				75E4BD8E21EEAD6E007C9E37 /* Resources */,
			);
			buildRules = (
			);
			dependencies = (
				75E4BD9221EEAD6E007C9E37 /* PBXTargetDependency */,
			);
			name = "hello worldTests";
			productName = "hello worldTests";
			productReference = 75E4BD9021EEAD6E007C9E37 /* hello worldTests.xctest */;
			productType = "com.apple.product-type.bundle.unit-test";
		};
		75E4BD9A21EEAD6E007C9E37 /* hello worldUITests */ = {
			isa = PBXNativeTarget;
			buildConfigurationList = 75E4BDAA21EEAD6E007C9E37 /* Build configuration list for PBXNativeTarget "hello worldUITests" */;
			buildPhases = (
				75E4BD9721EEAD6E007C9E37 /* Sources */,
				75E4BD9821EEAD6E007C9E37 /* Frameworks */,
				75E4BD9921EEAD6E007C9E37 /* Resources */,
			);
			buildRules = (
			);
			dependencies = (
				75E4BD9D21EEAD6E007C9E37 /* PBXTargetDependency */,
			);
			name = "hello worldUITests";
			productName = "hello worldUITests";
			productReference = 75E4BD9B21EEAD6E007C9E37 /* hello worldUITests.xctest */;
			productType = "com.apple.product-type.bundle.ui-testing";
		};
/* End PBXNativeTarget section */

/* Begin PBXProject section */
		75E4BD7421EEAD6A007C9E37 /* Project object */ = {
			isa = PBXProject;
			attributes = {
				LastSwiftUpdateCheck = 0940;
				LastUpgradeCheck = 0940;
				ORGANIZATIONNAME = "Paul Baker";
				TargetAttributes = {
					75E4BD7B21EEAD6A007C9E37 = {
						CreatedOnToolsVersion = 9.4.1;
					};
					75E4BD8F21EEAD6E007C9E37 = {
						CreatedOnToolsVersion = 9.4.1;
						TestTargetID = 75E4BD7B21EEAD6A007C9E37;
					};
					75E4BD9A21EEAD6E007C9E37 = {
						CreatedOnToolsVersion = 9.4.1;
						TestTargetID = 75E4BD7B21EEAD6A007C9E37;
					};
				};
			};
			buildConfigurationList = 75E4BD7721EEAD6A007C9E37 /* Build configuration list for PBXProject "hello world" */;
			compatibilityVersion = "Xcode 9.3";
			developmentRegion = en;
			hasScannedForEncodings = 0;
			knownRegions = (
				en,
				Base,
			);
			mainGroup = 75E4BD7321EEAD6A007C9E37;
			productRefGroup = 75E4BD7D21EEAD6A007C9E37 /* Products */;
			projectDirPath = "";
			projectRoot = "";
			targets = (
				75E4BD7B21EEAD6A007C9E37 /* hello world */,
				75E4BD8F21EEAD6E007C9E37 /* hello worldTests */,
				75E4BD9A21EEAD6E007C9E37 /* hello worldUITests */,
			);
		};
/* End PBXProject section */

/* Begin PBXResourcesBuildPhase section */
		75E4BD7A21EEAD6A007C9E37 /* Resources */ = {
			isa = PBXResourcesBuildPhase;
			buildActionMask = 2147483647;
			files = (
				75E4BD8A21EEAD6E007C9E37 /* LaunchScreen.storyboard in Resources */,
				75E4BD8721EEAD6E007C9E37 /* Assets.xcassets in Resources */,
				75E4BD8521EEAD6A007C9E37 /* Main.storyboard in Resources */,
			);
			runOnlyForDeploymentPostprocessing = 0;
		};
		75E4BD8E21EEAD6E007C9E37 /* Resources */ = {
			isa = PBXResourcesBuildPhase;
			buildActionMask = 2147483647;
			files = (
			);
			runOnlyForDeploymentPostprocessing = 0;
		};
		75E4BD9921EEAD6E007C9E37 /* Resources */ = {
			isa = PBXResourcesBuildPhase;
			buildActionMask = 2147483647;
			files = (
			);
			runOnlyForDeploymentPostprocessing = 0;
		};
/* End PBXResourcesBuildPhase section */

/* Begin PBXSourcesBuildPhase section */
		75E4BD7821EEAD6A007C9E37 /* Sources */ = {
			isa = PBXSourcesBuildPhase;
			buildActionMask = 2147483647;
			files = (
				75E4BD8221EEAD6A007C9E37 /* ViewController.swift in Sources */,
				75E4BD8021EEAD6A007C9E37 /* AppDelegate.swift in Sources */,
			);
			runOnlyForDeploymentPostprocessing = 0;
		};
		75E4BD8C21EEAD6E007C9E37 /* Sources */ = {
			isa = PBXSourcesBuildPhase;
			buildActionMask = 2147483647;
			files = (
				75E4BD9521EEAD6E007C9E37 /* hello_worldTests.swift in Sources */,
			);
			runOnlyForDeploymentPostprocessing = 0;
		};
		75E4BD9721EEAD6E007C9E37 /* Sources */ = {
			isa = PBXSourcesBuildPhase;
			buildActionMask = 2147483647;
			files = (
				75E4BDA021EEAD6E007C9E37 /* hello_worldUITests.swift in Sources */,
			);
			runOnlyForDeploymentPostprocessing = 0;
		};
/* End PBXSourcesBuildPhase section */

/* Begin PBXTargetDependency section */
		75E4BD9221EEAD6E007C9E37 /* PBXTargetDependency */ = {
			isa = PBXTargetDependency;
			target = 75E4BD7B21EEAD6A007C9E37 /* hello world */;
			targetProxy = 75E4BD9121EEAD6E007C9E37 /* PBXContainerItemProxy */;
		};
		75E4BD9D21EEAD6E007C9E37 /* PBXTargetDependency */ = {
			isa = PBXTargetDependency;
			target = 75E4BD7B21EEAD6A007C9E37 /* hello world */;
			targetProxy = 75E4BD9C21EEAD6E007C9E37 /* PBXContainerItemProxy */;
		};
/* End PBXTargetDependency section */

/* Begin PBXVariantGroup section */
		75E4BD8321EEAD6A007C9E37 /* Main.storyboard */ = {
			isa = PBXVariantGroup;
			children = (
				75E4BD8421EEAD6A007C9E37 /* Base */,
			);
			name = Main.storyboard;
			sourceTree = "<group>";
		};
		75E4BD8821EEAD6E007C9E37 /* LaunchScreen.storyboard */ = {
			isa = PBXVariantGroup;
			children = (
				75E4BD8921EEAD6E007C9E37 /* Base */,
			);
			name = LaunchScreen.storyboard;
			sourceTree = "<group>";
		};
/* End PBXVariantGroup section */

/* Begin XCBuildConfiguration section */
		75E4BDA221EEAD6E007C9E37 /* Debug */ = {
			isa = XCBuildConfiguration;
			buildSettings = {
				ALWAYS_SEARCH_USER_PATHS = NO;
				CLANG_ANALYZER_NONNULL = YES;
				CLANG_ANALYZER_NUMBER_OBJECT_CONVERSION = YES_AGGRESSIVE;
				CLANG_CXX_LANGUAGE_STANDARD = "gnu++14";
				CLANG_CXX_LIBRARY = "libc++";
				CLANG_ENABLE_MODULES = YES;
				CLANG_ENABLE_OBJC_ARC = YES;
				CLANG_ENABLE_OBJC_WEAK = YES;
				CLANG_WARN_BLOCK_CAPTURE_AUTORELEASING = YES;
				CLANG_WARN_BOOL_CONVERSION = YES;
				CLANG_WARN_COMMA = YES;
				CLANG_WARN_CONSTANT_CONVERSION = YES;
				CLANG_WARN_DEPRECATED_OBJC_IMPLEMENTATIONS = YES;
				CLANG_WARN_DIRECT_OBJC_ISA_USAGE = YES_ERROR;
				CLANG_WARN_DOCUMENTATION_COMMENTS = YES;
				CLANG_WARN_EMPTY_BODY = YES;
				CLANG_WARN_ENUM_CONVERSION = YES;
				CLANG_WARN_INFINITE_RECURSION = YES;
				CLANG_WARN_INT_CONVERSION = YES;
				CLANG_WARN_NON_LITERAL_NULL_CONVERSION = YES;
				CLANG_WARN_OBJC_IMPLICIT_RETAIN_SELF = YES;
				CLANG_WARN_OBJC_LITERAL_CONVERSION = YES;
				CLANG_WARN_OBJC_ROOT_CLASS = YES_ERROR;
				CLANG_WARN_RANGE_LOOP_ANALYSIS = YES;
				CLANG_WARN_STRICT_PROTOTYPES = YES;
				CLANG_WARN_SUSPICIOUS_MOVE = YES;
				CLANG_WARN_UNGUARDED_AVAILABILITY = YES_AGGRESSIVE;
				CLANG_WARN_UNREACHABLE_CODE = YES;
				CLANG_WARN__DUPLICATE_METHOD_MATCH = YES;
				CODE_SIGN_IDENTITY = "iPhone Developer";
				COPY_PHASE_STRIP = NO;
				DEBUG_INFORMATION_FORMAT = dwarf;
				ENABLE_STRICT_OBJC_MSGSEND = YES;
				ENABLE_TESTABILITY = YES;
				GCC_C_LANGUAGE_STANDARD = gnu11;
				GCC_DYNAMIC_NO_PIC = NO;
				GCC_NO_COMMON_BLOCKS = YES;
				GCC_OPTIMIZATION_LEVEL = 0;
				GCC_PREPROCESSOR_DEFINITIONS = (
					"DEBUG=1",
					"$(inherited)",
				);
				GCC_WARN_64_TO_32_BIT_CONVERSION = YES;
				GCC_WARN_ABOUT_RETURN_TYPE = YES_ERROR;
				GCC_WARN_UNDECLARED_SELECTOR = YES;
				GCC_WARN_UNINITIALIZED_AUTOS = YES_AGGRESSIVE;
				GCC_WARN_UNUSED_FUNCTION = YES;
				GCC_WARN_UNUSED_VARIABLE = YES;
				IPHONEOS_DEPLOYMENT_TARGET = 11.4;
				MTL_ENABLE_DEBUG_INFO = YES;
				ONLY_ACTIVE_ARCH = YES;
				SDKROOT = iphoneos;
				SWIFT_ACTIVE_COMPILATION_CONDITIONS = DEBUG;
				SWIFT_OPTIMIZATION_LEVEL = "-Onone";
			};
			name = Debug;
		};
		75E4BDA321EEAD6E007C9E37 /* Release */ = {
			isa = XCBuildConfiguration;
			buildSettings = {
				ALWAYS_SEARCH_USER_PATHS = NO;
				CLANG_ANALYZER_NONNULL = YES;
				CLANG_ANALYZER_NUMBER_OBJECT_CONVERSION = YES_AGGRESSIVE;
				CLANG_CXX_LANGUAGE_STANDARD = "gnu++14";
				CLANG_CXX_LIBRARY = "libc++";
				CLANG_ENABLE_MODULES = YES;
				CLANG_ENABLE_OBJC_ARC = YES;
				CLANG_ENABLE_OBJC_WEAK = YES;
				CLANG_WARN_BLOCK_CAPTURE_AUTORELEASING = YES;
				CLANG_WARN_BOOL_CONVERSION = YES;
				CLANG_WARN_COMMA = YES;
				CLANG_WARN_CONSTANT_CONVERSION = YES;
				CLANG_WARN_DEPRECATED_OBJC_IMPLEMENTATIONS = YES;
				CLANG_WARN_DIRECT_OBJC_ISA_USAGE = YES_ERROR;
				CLANG_WARN_DOCUMENTATION_COMMENTS = YES;
				CLANG_WARN_EMPTY_BODY = YES;
				CLANG_WARN_ENUM_CONVERSION = YES;
				CLANG_WARN_INFINITE_RECURSION = YES;
				CLANG_WARN_INT_CONVERSION = YES;
				CLANG_WARN_NON_LITERAL_NULL_CONVERSION = YES;
				CLANG_WARN_OBJC_IMPLICIT_RETAIN_SELF = YES;
				CLANG_WARN_OBJC_LITERAL_CONVERSION = YES;
				CLANG_WARN_OBJC_ROOT_CLASS = YES_ERROR;
				CLANG_WARN_RANGE_LOOP_ANALYSIS = YES;
				CLANG_WARN_STRICT_PROTOTYPES = YES;
				CLANG_WARN_SUSPICIOUS_MOVE = YES;
				CLANG_WARN_UNGUARDED_AVAILABILITY = YES_AGGRESSIVE;
				CLANG_WARN_UNREACHABLE_CODE = YES;
				CLANG_WARN__DUPLICATE_METHOD_MATCH = YES;
				CODE_SIGN_IDENTITY = "iPhone Developer";
				COPY_PHASE_STRIP = NO;
				DEBUG_INFORMATION_FORMAT = "dwarf-with-dsym";
				ENABLE_NS_ASSERTIONS = NO;
				ENABLE_STRICT_OBJC_MSGSEND = YES;
				GCC_C_LANGUAGE_STANDARD = gnu11;
				GCC_NO_COMMON_BLOCKS = YES;
				GCC_WARN_64_TO_32_BIT_CONVERSION = YES;
				GCC_WARN_ABOUT_RETURN_TYPE = YES_ERROR;
				GCC_WARN_UNDECLARED_SELECTOR = YES;
				GCC_WARN_UNINITIALIZED_AUTOS = YES_AGGRESSIVE;
				GCC_WARN_UNUSED_FUNCTION = YES;
				GCC_WARN_UNUSED_VARIABLE = YES;
				IPHONEOS_DEPLOYMENT_TARGET = 11.4;
				MTL_ENABLE_DEBUG_INFO = NO;
				SDKROOT = iphoneos;
				SWIFT_COMPILATION_MODE = wholemodule;
				SWIFT_OPTIMIZATION_LEVEL = "-O";
				VALIDATE_PRODUCT = YES;
			};
			name = Release;
		};
		75E4BDA521EEAD6E007C9E37 /* Debug */ = {
			isa = XCBuildConfiguration;
			buildSettings = {
				ASSETCATALOG_COMPILER_APPICON_NAME = AppIcon;
				CODE_SIGN_STYLE = Automatic;
				INFOPLIST_FILE = "hello world/Info.plist";
				LD_RUNPATH_SEARCH_PATHS = (
					"$(inherited)",
					"@executable_path/Frameworks",
				);
				PRODUCT_BUNDLE_IDENTIFIER = "Paul.hello-world";
				PRODUCT_NAME = "$(TARGET_NAME)";
				SWIFT_VERSION = 4.0;
				TARGETED_DEVICE_FAMILY = "1,2";
			};
			name = Debug;
		};
		75E4BDA621EEAD6E007C9E37 /* Release */ = {
			isa = XCBuildConfiguration;
			buildSettings = {
				ASSETCATALOG_COMPILER_APPICON_NAME = AppIcon;
				CODE_SIGN_STYLE = Automatic;
				INFOPLIST_FILE = "hello world/Info.plist";
				LD_RUNPATH_SEARCH_PATHS = (
					"$(inherited)",
					"@executable_path/Frameworks",
				);
				PRODUCT_BUNDLE_IDENTIFIER = "Paul.hello-world";
				PRODUCT_NAME = "$(TARGET_NAME)";
				SWIFT_VERSION = 4.0;
				TARGETED_DEVICE_FAMILY = "1,2";
			};
			name = Release;
		};
		75E4BDA821EEAD6E007C9E37 /* Debug */ = {
			isa = XCBuildConfiguration;
			buildSettings = {
				ALWAYS_EMBED_SWIFT_STANDARD_LIBRARIES = YES;
				BUNDLE_LOADER = "$(TEST_HOST)";
				CODE_SIGN_STYLE = Automatic;
				INFOPLIST_FILE = "hello worldTests/Info.plist";
				LD_RUNPATH_SEARCH_PATHS = (
					"$(inherited)",
					"@executable_path/Frameworks",
					"@loader_path/Frameworks",
				);
				PRODUCT_BUNDLE_IDENTIFIER = "Paul.hello-worldTests";
				PRODUCT_NAME = "$(TARGET_NAME)";
				SWIFT_VERSION = 4.0;
				TARGETED_DEVICE_FAMILY = "1,2";
				TEST_HOST = "$(BUILT_PRODUCTS_DIR)/hello world.app/hello world";
			};
			name = Debug;
		};
		75E4BDA921EEAD6E007C9E37 /* Release */ = {
			isa = XCBuildConfiguration;
			buildSettings = {
				ALWAYS_EMBED_SWIFT_STANDARD_LIBRARIES = YES;
				BUNDLE_LOADER = "$(TEST_HOST)";
				CODE_SIGN_STYLE = Automatic;
				INFOPLIST_FILE = "hello worldTests/Info.plist";
				LD_RUNPATH_SEARCH_PATHS = (
					"$(inherited)",
					"@executable_path/Frameworks",
					"@loader_path/Frameworks",
				);
				PRODUCT_BUNDLE_IDENTIFIER = "Paul.hello-worldTests";
				PRODUCT_NAME = "$(TARGET_NAME)";
				SWIFT_VERSION = 4.0;
				TARGETED_DEVICE_FAMILY = "1,2";
				TEST_HOST = "$(BUILT_PRODUCTS_DIR)/hello world.app/hello world";
			};
			name = Release;
		};
		75E4BDAB21EEAD6E007C9E37 /* Debug */ = {
			isa = XCBuildConfiguration;
			buildSettings = {
				ALWAYS_EMBED_SWIFT_STANDARD_LIBRARIES = YES;
				CODE_SIGN_STYLE = Automatic;
				INFOPLIST_FILE = "hello worldUITests/Info.plist";
				LD_RUNPATH_SEARCH_PATHS = (
					"$(inherited)",
					"@executable_path/Frameworks",
					"@loader_path/Frameworks",
				);
				PRODUCT_BUNDLE_IDENTIFIER = "Paul.hello-worldUITests";
				PRODUCT_NAME = "$(TARGET_NAME)";
				SWIFT_VERSION = 4.0;
				TARGETED_DEVICE_FAMILY = "1,2";
				TEST_TARGET_NAME = "hello world";
			};
			name = Debug;
		};
		75E4BDAC21EEAD6E007C9E37 /* Release */ = {
			isa = XCBuildConfiguration;
			buildSettings = {
				ALWAYS_EMBED_SWIFT_STANDARD_LIBRARIES = YES;
				CODE_SIGN_STYLE = Automatic;
				INFOPLIST_FILE = "hello worldUITests/Info.plist";
				LD_RUNPATH_SEARCH_PATHS = (
					"$(inherited)",
					"@executable_path/Frameworks",
					"@loader_path/Frameworks",
				);
				PRODUCT_BUNDLE_IDENTIFIER = "Paul.hello-worldUITests";
				PRODUCT_NAME = "$(TARGET_NAME)";
				SWIFT_VERSION = 4.0;
				TARGETED_DEVICE_FAMILY = "1,2";
				TEST_TARGET_NAME = "hello world";
			};
			name = Release;
		};
/* End XCBuildConfiguration section */

/* Begin XCConfigurationList section */
		75E4BD7721EEAD6A007C9E37 /* Build configuration list for PBXProject "hello world" */ = {
			isa = XCConfigurationList;
			buildConfigurations = (
				75E4BDA221EEAD6E007C9E37 /* Debug */,
				75E4BDA321EEAD6E007C9E37 /* Release */,
			);
			defaultConfigurationIsVisible = 0;
			defaultConfigurationName = Release;
		};
		75E4BDA421EEAD6E007C9E37 /* Build configuration list for PBXNativeTarget "hello world" */ = {
			isa = XCConfigurationList;
			buildConfigurations = (
				75E4BDA521EEAD6E007C9E37 /* Debug */,
				75E4BDA621EEAD6E007C9E37 /* Release */,
			);
			defaultConfigurationIsVisible = 0;
			defaultConfigurationName = Release;
		};
		75E4BDA721EEAD6E007C9E37 /* Build configuration list for PBXNativeTarget "hello worldTests" */ = {
			isa = XCConfigurationList;
			buildConfigurations = (
				75E4BDA821EEAD6E007C9E37 /* Debug */,
				75E4BDA921EEAD6E007C9E37 /* Release */,
			);
			defaultConfigurationIsVisible = 0;
			defaultConfigurationName = Release;
		};
		75E4BDAA21EEAD6E007C9E37 /* Build configuration list for PBXNativeTarget "hello worldUITests" */ = {
			isa = XCConfigurationList;
			buildConfigurations = (
				75E4BDAB21EEAD6E007C9E37 /* Debug */,
				75E4BDAC21EEAD6E007C9E37 /* Release */,
			);
			defaultConfigurationIsVisible = 0;
			defaultConfigurationName = Release;
		};
/* End XCConfigurationList section */
	};
	rootObject = 75E4BD7421EEAD6A007C9E37 /* Project object */;
}
